
Microsoft Visual Studio Solution File, Format Version 12.00
# Visual Studio Version 17
VisualStudioVersion = 17.14.36623.8
MinimumVisualStudioVersion = 10.0.40219.1
Project("{FAE04EC0-301F-11D3-BF4B-00C04F79EFBC}") = "JWT-Project-Core", "JWT-Project-Core\JWT-Project-Core.csproj", "{2B368BF8-F53D-4426-8A0F-5DAEE15EFCE4}"
EndProject
Project("{FAE04EC0-301F-11D3-BF4B-00C04F79EFBC}") = "JWT-Project-CoreTests", "JWT-Project-CoreTests\JWT-Project-CoreTests.csproj", "{2F3870D2-0D35-46AD-B3F7-04EFA8371B28}"
EndProject
Global
	GlobalSection(SolutionConfigurationPlatforms) = preSolution
		Debug|Any CPU = Debug|Any CPU
		Release|Any CPU = Release|Any CPU
	EndGlobalSection
	GlobalSection(ProjectConfigurationPlatforms) = postSolution
		{2B368BF8-F53D-4426-8A0F-5DAEE15EFCE4}.Debug|Any CPU.ActiveCfg = Debug|Any CPU
		{2B368BF8-F53D-4426-8A0F-5DAEE15EFCE4}.Debug|Any CPU.Build.0 = Debug|Any CPU
		{2B368BF8-F53D-4426-8A0F-5DAEE15EFCE4}.Release|Any CPU.ActiveCfg = Release|Any CPU
		{2B368BF8-F53D-4426-8A0F-5DAEE15EFCE4}.Release|Any CPU.Build.0 = Release|Any CPU
		{2F3870D2-0D35-46AD-B3F7-04EFA8371B28}.Debug|Any CPU.ActiveCfg = Debug|Any CPU
		{2F3870D2-0D35-46AD-B3F7-04EFA8371B28}.Debug|Any CPU.Build.0 = Debug|Any CPU
		{2F3870D2-0D35-46AD-B3F7-04EFA8371B28}.Release|Any CPU.ActiveCfg = Release|Any CPU
		{2F3870D2-0D35-46AD-B3F7-04EFA8371B28}.Release|Any CPU.Build.0 = Release|Any CPU
	EndGlobalSection
	GlobalSection(SolutionProperties) = preSolution
		HideSolutionNode = FALSE
	EndGlobalSection
	GlobalSection(ExtensibilityGlobals) = postSolution
		SolutionGuid = {96104F49-5217-43FB-AC31-B175EFC441C0}
	EndGlobalSection
EndGlobal
